uuid: 5dc43593-fe5b-428c-9da5-d62186692991
langcode: en
status: true
dependencies:
  module:
    - eu_cookie_compliance
    - system
  theme:
    - hdbt_subtheme
id: hdbt_subtheme_eucookiecomplianceblock
theme: hdbt_subtheme
region: after_content
weight: 1
provider: helfi_eu_cookie_compliance
plugin: eu_cookie_compliance_block
settings:
  id: eu_cookie_compliance_block
  label: 'Eu Cookie Compliance Block'
  label_display: ''
  provider: eu_cookie_compliance
visibility:
  request_path:
    id: request_path
    negate: false
    pages: /cookie-information-and-settings
