uuid: 380e61d3-b514-4660-b9a7-d18fa2d664b1
langcode: en
status: true
dependencies:
  module:
    - helfi_platform_config
    - node
  theme:
    - hdbt_subtheme
id: heroblock
theme: hdbt_subtheme
region: before_content
weight: -13
provider: helfi_base_content
plugin: hero_block
settings:
  id: hero_block
  label: 'Hero block'
  label_display: ''
  provider: helfi_platform_config
visibility:
  'entity_bundle:node':
    id: 'entity_bundle:node'
    negate: false
    context_mapping:
      node: '@node.node_route_context:node'
    bundles:
      landing_page: landing_page
      page: page
