uuid: 380e61d3-b514-4660-b9a7-d18fa2d664b1
langcode: en
status: true
dependencies:
  module:
    - hdbt_admin_tools
    - node
  theme:
    - hdbt_subtheme
_core:
  default_config_hash: nH8M6u66xNnGzjplyiDZAKKeyzDR6NFyTMXNwDYzldk
id: heroblock
theme: hdbt_subtheme
region: before_content
weight: -13
provider: null
plugin: hero_block
settings:
  id: hero_block
  label: 'Hero block'
  label_display: '0'
  provider: hdbt_admin_tools
visibility:
  'entity_bundle:node':
    id: 'entity_bundle:node'
    negate: false
    context_mapping:
      node: '@node.node_route_context:node'
    bundles:
      article: article
      landing_page: landing_page
      page: page
