uuid: 9d2b61cb-27f4-4ddb-8e6a-55382de5579c
langcode: en
status: true
dependencies:
  module:
    - helfi_platform_config
  theme:
    - hdbt_subtheme
id: hdbt_subtheme_lowercontentblock
theme: hdbt_subtheme
region: after_content
weight: -11
provider: helfi_base_content
plugin: lower_content_block
settings:
  id: lower_content_block
  label: 'Lower content block'
  label_display: ''
  provider: helfi_platform_config
visibility: {  }
